// !$*UTF8*$!
{
	archiveVersion = 1;
	classes = {
	};
	objectVersion = 46;
	objects = {

/* Begin PBXBuildFile section */
		1DEB50D317C2010F000495AC /* Foundation.framework in Frameworks */ = {isa = PBXBuildFile; fileRef = 1DEB50D217C2010F000495AC /* Foundation.framework */; };
		1DEB50D617C2010F000495AC /* main.m in Sources */ = {isa = PBXBuildFile; fileRef = 1DEB50D517C2010F000495AC /* main.m */; };
		1DEB50E217C20138000495AC /* KFConverterController.m in Sources */ = {isa = PBXBuildFile; fileRef = 1DEB50E117C20138000495AC /* KFConverterController.m */; };
		1DEB50E517C20487000495AC /* KFDataConnection.m in Sources */ = {isa = PBXBuildFile; fileRef = 1DEB50E417C20487000495AC /* KFDataConnection.m */; };
		1DEB50E717C20C7F000495AC /* AppKit.framework in Frameworks */ = {isa = PBXBuildFile; fileRef = 1DEB50E617C20C7F000495AC /* AppKit.framework */; };
		DE7D501B532D472A97762A9F /* libPods.a in Frameworks */ = {isa = PBXBuildFile; fileRef = B64D4BF5F2624DE380E39F51 /* libPods.a */; };
/* End PBXBuildFile section */

/* Begin PBXCopyFilesBuildPhase section */
		1DEB50CD17C2010F000495AC /* CopyFiles */ = {
			isa = PBXCopyFilesBuildPhase;
			buildActionMask = 2147483647;
			dstPath = /usr/share/man/man1/;
			dstSubfolderSpec = 0;
			files = (
			);
			runOnlyForDeploymentPostprocessing = 1;
		};
/* End PBXCopyFilesBuildPhase section */

/* Begin PBXFileReference section */
		1DEB50CF17C2010F000495AC /* KFrtf2htmlConverter */ = {isa = PBXFileReference; explicitFileType = "compiled.mach-o.executable"; includeInIndex = 0; path = KFrtf2htmlConverter; sourceTree = BUILT_PRODUCTS_DIR; };
		1DEB50D217C2010F000495AC /* Foundation.framework */ = {isa = PBXFileReference; lastKnownFileType = wrapper.framework; name = Foundation.framework; path = System/Library/Frameworks/Foundation.framework; sourceTree = SDKROOT; };
		1DEB50D517C2010F000495AC /* main.m */ = {isa = PBXFileReference; lastKnownFileType = sourcecode.c.objc; path = main.m; sourceTree = "<group>"; };
		1DEB50D817C2010F000495AC /* KFrtf2htmlConverter-Prefix.pch */ = {isa = PBXFileReference; lastKnownFileType = sourcecode.c.h; path = "KFrtf2htmlConverter-Prefix.pch"; sourceTree = "<group>"; };
		1DEB50E017C20138000495AC /* KFConverterController.h */ = {isa = PBXFileReference; fileEncoding = 4; lastKnownFileType = sourcecode.c.h; path = KFConverterController.h; sourceTree = "<group>"; };
		1DEB50E117C20138000495AC /* KFConverterController.m */ = {isa = PBXFileReference; fileEncoding = 4; lastKnownFileType = sourcecode.c.objc; path = KFConverterController.m; sourceTree = "<group>"; };
		1DEB50E317C20487000495AC /* KFDataConnection.h */ = {isa = PBXFileReference; fileEncoding = 4; lastKnownFileType = sourcecode.c.h; path = KFDataConnection.h; sourceTree = "<group>"; };
		1DEB50E417C20487000495AC /* KFDataConnection.m */ = {isa = PBXFileReference; fileEncoding = 4; lastKnownFileType = sourcecode.c.objc; path = KFDataConnection.m; sourceTree = "<group>"; };
		1DEB50E617C20C7F000495AC /* AppKit.framework */ = {isa = PBXFileReference; lastKnownFileType = wrapper.framework; name = AppKit.framework; path = System/Library/Frameworks/AppKit.framework; sourceTree = SDKROOT; };
		7C726DD2995C41ECA004592E /* Pods.xcconfig */ = {isa = PBXFileReference; includeInIndex = 1; lastKnownFileType = text.xcconfig; name = Pods.xcconfig; path = Pods/Pods.xcconfig; sourceTree = SOURCE_ROOT; };
		B64D4BF5F2624DE380E39F51 /* libPods.a */ = {isa = PBXFileReference; explicitFileType = archive.ar; includeInIndex = 0; path = libPods.a; sourceTree = BUILT_PRODUCTS_DIR; };
/* End PBXFileReference section */

/* Begin PBXFrameworksBuildPhase section */
		1DEB50CC17C2010F000495AC /* Frameworks */ = {
			isa = PBXFrameworksBuildPhase;
			buildActionMask = 2147483647;
			files = (
				1DEB50E717C20C7F000495AC /* AppKit.framework in Frameworks */,
				1DEB50D317C2010F000495AC /* Foundation.framework in Frameworks */,
				DE7D501B532D472A97762A9F /* libPods.a in Frameworks */,
			);
			runOnlyForDeploymentPostprocessing = 0;
		};
/* End PBXFrameworksBuildPhase section */

/* Begin PBXGroup section */
		1DEB50C617C2010F000495AC = {
			isa = PBXGroup;
			children = (
				1DEB50D417C2010F000495AC /* KFEpubConverter */,
				1DEB50D117C2010F000495AC /* Frameworks */,
				1DEB50D017C2010F000495AC /* Products */,
				7C726DD2995C41ECA004592E /* Pods.xcconfig */,
			);
			sourceTree = "<group>";
		};
		1DEB50D017C2010F000495AC /* Products */ = {
			isa = PBXGroup;
			children = (
				1DEB50CF17C2010F000495AC /* KFrtf2htmlConverter */,
			);
			name = Products;
			sourceTree = "<group>";
		};
		1DEB50D117C2010F000495AC /* Frameworks */ = {
			isa = PBXGroup;
			children = (
				1DEB50E617C20C7F000495AC /* AppKit.framework */,
				1DEB50D217C2010F000495AC /* Foundation.framework */,
				B64D4BF5F2624DE380E39F51 /* libPods.a */,
			);
			name = Frameworks;
			sourceTree = "<group>";
		};
		1DEB50D417C2010F000495AC /* KFEpubConverter */ = {
			isa = PBXGroup;
			children = (
				1DEB50D517C2010F000495AC /* main.m */,
				1DEB50E017C20138000495AC /* KFConverterController.h */,
				1DEB50E117C20138000495AC /* KFConverterController.m */,
				1DEB50E317C20487000495AC /* KFDataConnection.h */,
				1DEB50E417C20487000495AC /* KFDataConnection.m */,
				1DEB50D717C2010F000495AC /* Supporting Files */,
			);
			name = KFEpubConverter;
			path = KFrtf2htmlConverter;
			sourceTree = "<group>";
		};
		1DEB50D717C2010F000495AC /* Supporting Files */ = {
			isa = PBXGroup;
			children = (
				1DEB50D817C2010F000495AC /* KFrtf2htmlConverter-Prefix.pch */,
			);
			name = "Supporting Files";
			sourceTree = "<group>";
		};
/* End PBXGroup section */

/* Begin PBXNativeTarget section */
		1DEB50CE17C2010F000495AC /* KFrtf2htmlConverter */ = {
			isa = PBXNativeTarget;
			buildConfigurationList = 1DEB50DD17C2010F000495AC /* Build configuration list for PBXNativeTarget "KFrtf2htmlConverter" */;
			buildPhases = (
				A606BA3A55604EB785B53735 /* Check Pods Manifest.lock */,
				1DEB50CB17C2010F000495AC /* Sources */,
				1DEB50CC17C2010F000495AC /* Frameworks */,
				1DEB50CD17C2010F000495AC /* CopyFiles */,
				E19AFCDD317C46299BA03BB8 /* Copy Pods Resources */,
			);
			buildRules = (
			);
			dependencies = (
			);
			name = KFrtf2htmlConverter;
			productName = KFEpubConverter;
			productReference = 1DEB50CF17C2010F000495AC /* KFrtf2htmlConverter */;
			productType = "com.apple.product-type.tool";
		};
/* End PBXNativeTarget section */

/* Begin PBXProject section */
		1DEB50C717C2010F000495AC /* Project object */ = {
			isa = PBXProject;
			attributes = {
				LastUpgradeCheck = 0460;
				ORGANIZATIONNAME = "KF Interactive";
			};
			buildConfigurationList = 1DEB50CA17C2010F000495AC /* Build configuration list for PBXProject "KFrtf2htmlConverter" */;
			compatibilityVersion = "Xcode 3.2";
			developmentRegion = English;
			hasScannedForEncodings = 0;
			knownRegions = (
				en,
			);
			mainGroup = 1DEB50C617C2010F000495AC;
			productRefGroup = 1DEB50D017C2010F000495AC /* Products */;
			projectDirPath = "";
			projectRoot = "";
			targets = (
				1DEB50CE17C2010F000495AC /* KFrtf2htmlConverter */,
			);
		};
/* End PBXProject section */

/* Begin PBXShellScriptBuildPhase section */
		A606BA3A55604EB785B53735 /* Check Pods Manifest.lock */ = {
			isa = PBXShellScriptBuildPhase;
			buildActionMask = 2147483647;
			files = (
			);
			inputPaths = (
			);
			name = "Check Pods Manifest.lock";
			outputPaths = (
			);
			runOnlyForDeploymentPostprocessing = 0;
			shellPath = /bin/sh;
			shellScript = "diff \"${PODS_ROOT}/../Podfile.lock\" \"${PODS_ROOT}/Manifest.lock\" > /dev/null\nif [[ $? != 0 ]] ; then\n    cat << EOM\nerror: The sandbox is not in sync with the Podfile.lock. Run 'pod install' or update your CocoaPods installation.\nEOM\n    exit 1\nfi\n";
			showEnvVarsInLog = 0;
		};
		E19AFCDD317C46299BA03BB8 /* Copy Pods Resources */ = {
			isa = PBXShellScriptBuildPhase;
			buildActionMask = 2147483647;
			files = (
			);
			inputPaths = (
			);
			name = "Copy Pods Resources";
			outputPaths = (
			);
			runOnlyForDeploymentPostprocessing = 0;
			shellPath = /bin/sh;
			shellScript = "\"${SRCROOT}/Pods/Pods-resources.sh\"\n";
			showEnvVarsInLog = 0;
		};
/* End PBXShellScriptBuildPhase section */

/* Begin PBXSourcesBuildPhase section */
		1DEB50CB17C2010F000495AC /* Sources */ = {
			isa = PBXSourcesBuildPhase;
			buildActionMask = 2147483647;
			files = (
				1DEB50D617C2010F000495AC /* main.m in Sources */,
				1DEB50E217C20138000495AC /* KFConverterController.m in Sources */,
				1DEB50E517C20487000495AC /* KFDataConnection.m in Sources */,
			);
			runOnlyForDeploymentPostprocessing = 0;
		};
/* End PBXSourcesBuildPhase section */

/* Begin XCBuildConfiguration section */
		1DEB50DB17C2010F000495AC /* Debug */ = {
			isa = XCBuildConfiguration;
			buildSettings = {
				ALWAYS_SEARCH_USER_PATHS = NO;
				ARCHS = "$(ARCHS_STANDARD_64_BIT)";
				CLANG_CXX_LANGUAGE_STANDARD = "gnu++0x";
				CLANG_CXX_LIBRARY = "libc++";
				CLANG_ENABLE_OBJC_ARC = YES;
				CLANG_WARN_CONSTANT_CONVERSION = YES;
				CLANG_WARN_EMPTY_BODY = YES;
				CLANG_WARN_ENUM_CONVERSION = YES;
				CLANG_WARN_INT_CONVERSION = YES;
				CLANG_WARN__DUPLICATE_METHOD_MATCH = YES;
				COPY_PHASE_STRIP = NO;
				GCC_C_LANGUAGE_STANDARD = gnu99;
				GCC_DYNAMIC_NO_PIC = NO;
				GCC_ENABLE_OBJC_EXCEPTIONS = YES;
				GCC_OPTIMIZATION_LEVEL = 0;
				GCC_PREPROCESSOR_DEFINITIONS = (
					"DEBUG=1",
					"$(inherited)",
				);
				GCC_SYMBOLS_PRIVATE_EXTERN = NO;
				GCC_WARN_64_TO_32_BIT_CONVERSION = YES;
				GCC_WARN_ABOUT_RETURN_TYPE = YES;
				GCC_WARN_UNINITIALIZED_AUTOS = YES;
				GCC_WARN_UNUSED_VARIABLE = YES;
				MACOSX_DEPLOYMENT_TARGET = 10.8;
				ONLY_ACTIVE_ARCH = YES;
				SDKROOT = macosx;
			};
			name = Debug;
		};
		1DEB50DC17C2010F000495AC /* Release */ = {
			isa = XCBuildConfiguration;
			buildSettings = {
				ALWAYS_SEARCH_USER_PATHS = NO;
				ARCHS = "$(ARCHS_STANDARD_64_BIT)";
				CLANG_CXX_LANGUAGE_STANDARD = "gnu++0x";
				CLANG_CXX_LIBRARY = "libc++";
				CLANG_ENABLE_OBJC_ARC = YES;
				CLANG_WARN_CONSTANT_CONVERSION = YES;
				CLANG_WARN_EMPTY_BODY = YES;
				CLANG_WARN_ENUM_CONVERSION = YES;
				CLANG_WARN_INT_CONVERSION = YES;
				CLANG_WARN__DUPLICATE_METHOD_MATCH = YES;
				COPY_PHASE_STRIP = YES;
				DEBUG_INFORMATION_FORMAT = "dwarf-with-dsym";
				GCC_C_LANGUAGE_STANDARD = gnu99;
				GCC_ENABLE_OBJC_EXCEPTIONS = YES;
				GCC_WARN_64_TO_32_BIT_CONVERSION = YES;
				GCC_WARN_ABOUT_RETURN_TYPE = YES;
				GCC_WARN_UNINITIALIZED_AUTOS = YES;
				GCC_WARN_UNUSED_VARIABLE = YES;
				MACOSX_DEPLOYMENT_TARGET = 10.8;
				SDKROOT = macosx;
			};
			name = Release;
		};
		1DEB50DE17C2010F000495AC /* Debug */ = {
			isa = XCBuildConfiguration;
			baseConfigurationReference = 7C726DD2995C41ECA004592E /* Pods.xcconfig */;
			buildSettings = {
				GCC_PRECOMPILE_PREFIX_HEADER = YES;
				GCC_PREFIX_HEADER = "KFrtf2htmlConverter/KFrtf2htmlConverter-Prefix.pch";
				PRODUCT_NAME = KFrtf2htmlConverter;
			};
			name = Debug;
		};
		1DEB50DF17C2010F000495AC /* Release */ = {
			isa = XCBuildConfiguration;
			baseConfigurationReference = 7C726DD2995C41ECA004592E /* Pods.xcconfig */;
			buildSettings = {
				GCC_PRECOMPILE_PREFIX_HEADER = YES;
				GCC_PREFIX_HEADER = "KFrtf2htmlConverter/KFrtf2htmlConverter-Prefix.pch";
				PRODUCT_NAME = KFrtf2htmlConverter;
			};
			name = Release;
		};
/* End XCBuildConfiguration section */

/* Begin XCConfigurationList section */
		1DEB50CA17C2010F000495AC /* Build configuration list for PBXProject "KFrtf2htmlConverter" */ = {
			isa = XCConfigurationList;
			buildConfigurations = (
				1DEB50DB17C2010F000495AC /* Debug */,
				1DEB50DC17C2010F000495AC /* Release */,
			);
			defaultConfigurationIsVisible = 0;
			defaultConfigurationName = Release;
		};
		1DEB50DD17C2010F000495AC /* Build configuration list for PBXNativeTarget "KFrtf2htmlConverter" */ = {
			isa = XCConfigurationList;
			buildConfigurations = (
				1DEB50DE17C2010F000495AC /* Debug */,
				1DEB50DF17C2010F000495AC /* Release */,
			);
			defaultConfigurationIsVisible = 0;
			defaultConfigurationName = Release;
		};
/* End XCConfigurationList section */
	};
	rootObject = 1DEB50C717C2010F000495AC /* Project object */;
}
